
Microsoft Visual Studio Solution File, Format Version 12.00
# Visual Studio Version 17
VisualStudioVersion = 17.14.36301.6
MinimumVisualStudioVersion = 10.0.40219.1
Project("{FAE04EC0-301F-11D3-BF4B-00C04F79EFBC}") = "Runic.Dotnet.AssemblyBuilder", "src\Runic.Dotnet.AssemblyBuilder.csproj", "{73EBBCE0-47DD-4358-ACF4-492F73076757}"
EndProject
Project("{2150E333-8FDC-42A3-9474-1A3956D46DE8}") = "Build", "Build", "{02EA681E-C7D8-13C7-8484-4AC65E1B71E8}"
EndProject
Project("{2150E333-8FDC-42A3-9474-1A3956D46DE8}") = "Net48", "Net48", "{FDEACC57-A2D9-4F2B-A2F2-CA90983944E9}"
EndProject
Project("{FAE04EC0-301F-11D3-BF4B-00C04F79EFBC}") = "Runic.Dotnet.AssemblyBuilder.Net48", "build\net48\Runic.Dotnet.AssemblyBuilder.Net48.csproj", "{36A9A11B-D68F-43B2-A5FA-253810CF9389}"
EndProject
Project("{2150E333-8FDC-42A3-9474-1A3956D46DE8}") = "Net6", "Net6", "{BF7A64CD-2FB2-4298-AF7A-43A4EEACF2F0}"
EndProject
Project("{FAE04EC0-301F-11D3-BF4B-00C04F79EFBC}") = "Runic.Dotnet.AssemblyBuilder.Net6", "build\net6\Runic.Dotnet.AssemblyBuilder.Net6.csproj", "{DADEB267-56E3-482C-BA8A-8F7D1EF4A014}"
EndProject
Project("{2150E333-8FDC-42A3-9474-1A3956D46DE8}") = "Net8", "Net8", "{60BA54E4-A6AE-476F-BAC7-A1AC8BE38DE5}"
EndProject
Project("{FAE04EC0-301F-11D3-BF4B-00C04F79EFBC}") = "Runic.Dotnet.AssemblyBuilder.Net8", "build\net8\Runic.Dotnet.AssemblyBuilder.Net8.csproj", "{E5A187E7-7FA5-4D80-9294-387183307F24}"
EndProject
Project("{2150E333-8FDC-42A3-9474-1A3956D46DE8}") = "Nuget", "Nuget", "{EF7564EF-DD27-4E42-8FC5-CE5042810DB8}"
EndProject
Project("{FAE04EC0-301F-11D3-BF4B-00C04F79EFBC}") = "Runic.Dotnet.AssemblyBuilder.Nuget", "build\nuget\Runic.Dotnet.AssemblyBuilder.Nuget.csproj", "{AAA7FF4E-BF5F-4AED-8070-915721BEA6E1}"
	ProjectSection(ProjectDependencies) = postProject
		{DADEB267-56E3-482C-BA8A-8F7D1EF4A014} = {DADEB267-56E3-482C-BA8A-8F7D1EF4A014}
		{36A9A11B-D68F-43B2-A5FA-253810CF9389} = {36A9A11B-D68F-43B2-A5FA-253810CF9389}
		{E5A187E7-7FA5-4D80-9294-387183307F24} = {E5A187E7-7FA5-4D80-9294-387183307F24}
	EndProjectSection
EndProject
Global
	GlobalSection(SolutionConfigurationPlatforms) = preSolution
		Debug|Any CPU = Debug|Any CPU
		Release|Any CPU = Release|Any CPU
	EndGlobalSection
	GlobalSection(ProjectConfigurationPlatforms) = postSolution
		{73EBBCE0-47DD-4358-ACF4-492F73076757}.Debug|Any CPU.ActiveCfg = Debug|Any CPU
		{73EBBCE0-47DD-4358-ACF4-492F73076757}.Debug|Any CPU.Build.0 = Debug|Any CPU
		{73EBBCE0-47DD-4358-ACF4-492F73076757}.Release|Any CPU.ActiveCfg = Release|Any CPU
		{73EBBCE0-47DD-4358-ACF4-492F73076757}.Release|Any CPU.Build.0 = Release|Any CPU
		{36A9A11B-D68F-43B2-A5FA-253810CF9389}.Debug|Any CPU.ActiveCfg = Debug|Any CPU
		{36A9A11B-D68F-43B2-A5FA-253810CF9389}.Debug|Any CPU.Build.0 = Debug|Any CPU
		{36A9A11B-D68F-43B2-A5FA-253810CF9389}.Release|Any CPU.ActiveCfg = Release|Any CPU
		{36A9A11B-D68F-43B2-A5FA-253810CF9389}.Release|Any CPU.Build.0 = Release|Any CPU
		{DADEB267-56E3-482C-BA8A-8F7D1EF4A014}.Debug|Any CPU.ActiveCfg = Debug|Any CPU
		{DADEB267-56E3-482C-BA8A-8F7D1EF4A014}.Debug|Any CPU.Build.0 = Debug|Any CPU
		{DADEB267-56E3-482C-BA8A-8F7D1EF4A014}.Release|Any CPU.ActiveCfg = Release|Any CPU
		{DADEB267-56E3-482C-BA8A-8F7D1EF4A014}.Release|Any CPU.Build.0 = Release|Any CPU
		{E5A187E7-7FA5-4D80-9294-387183307F24}.Debug|Any CPU.ActiveCfg = Debug|Any CPU
		{E5A187E7-7FA5-4D80-9294-387183307F24}.Debug|Any CPU.Build.0 = Debug|Any CPU
		{E5A187E7-7FA5-4D80-9294-387183307F24}.Release|Any CPU.ActiveCfg = Release|Any CPU
		{E5A187E7-7FA5-4D80-9294-387183307F24}.Release|Any CPU.Build.0 = Release|Any CPU
		{AAA7FF4E-BF5F-4AED-8070-915721BEA6E1}.Debug|Any CPU.ActiveCfg = Debug|Any CPU
		{AAA7FF4E-BF5F-4AED-8070-915721BEA6E1}.Debug|Any CPU.Build.0 = Debug|Any CPU
		{AAA7FF4E-BF5F-4AED-8070-915721BEA6E1}.Release|Any CPU.ActiveCfg = Release|Any CPU
		{AAA7FF4E-BF5F-4AED-8070-915721BEA6E1}.Release|Any CPU.Build.0 = Release|Any CPU
	EndGlobalSection
	GlobalSection(SolutionProperties) = preSolution
		HideSolutionNode = FALSE
	EndGlobalSection
	GlobalSection(NestedProjects) = preSolution
		{FDEACC57-A2D9-4F2B-A2F2-CA90983944E9} = {02EA681E-C7D8-13C7-8484-4AC65E1B71E8}
		{36A9A11B-D68F-43B2-A5FA-253810CF9389} = {FDEACC57-A2D9-4F2B-A2F2-CA90983944E9}
		{BF7A64CD-2FB2-4298-AF7A-43A4EEACF2F0} = {02EA681E-C7D8-13C7-8484-4AC65E1B71E8}
		{DADEB267-56E3-482C-BA8A-8F7D1EF4A014} = {BF7A64CD-2FB2-4298-AF7A-43A4EEACF2F0}
		{60BA54E4-A6AE-476F-BAC7-A1AC8BE38DE5} = {02EA681E-C7D8-13C7-8484-4AC65E1B71E8}
		{E5A187E7-7FA5-4D80-9294-387183307F24} = {60BA54E4-A6AE-476F-BAC7-A1AC8BE38DE5}
		{EF7564EF-DD27-4E42-8FC5-CE5042810DB8} = {02EA681E-C7D8-13C7-8484-4AC65E1B71E8}
		{AAA7FF4E-BF5F-4AED-8070-915721BEA6E1} = {EF7564EF-DD27-4E42-8FC5-CE5042810DB8}
	EndGlobalSection
	GlobalSection(ExtensibilityGlobals) = postSolution
		SolutionGuid = {435260D8-B5E8-47DA-AD71-46C7F8491B00}
	EndGlobalSection
EndGlobal
